// !$*UTF8*$!
{
	archiveVersion = 1;
	classes = {
	};
	objectVersion = 46;
	objects = {

/* Begin PBXBuildFile section */
		59C466463E92A6888EA4553C /* Pods_RACDemo.framework in Frameworks */ = {isa = PBXBuildFile; fileRef = EDA9571B0FEB3897A3F59595 /* Pods_RACDemo.framework */; };
		F56EAC4D1D75389F00505683 /* WTKView.m in Sources */ = {isa = PBXBuildFile; fileRef = F56EAC4C1D75389F00505683 /* WTKView.m */; };
		F590200C1D7406970075632E /* main.m in Sources */ = {isa = PBXBuildFile; fileRef = F590200B1D7406970075632E /* main.m */; };
		F590200F1D7406970075632E /* AppDelegate.m in Sources */ = {isa = PBXBuildFile; fileRef = F590200E1D7406970075632E /* AppDelegate.m */; };
		F59020121D7406970075632E /* ViewController.m in Sources */ = {isa = PBXBuildFile; fileRef = F59020111D7406970075632E /* ViewController.m */; };
		F59020151D7406970075632E /* Main.storyboard in Resources */ = {isa = PBXBuildFile; fileRef = F59020131D7406970075632E /* Main.storyboard */; };
		F59020171D7406970075632E /* Assets.xcassets in Resources */ = {isa = PBXBuildFile; fileRef = F59020161D7406970075632E /* Assets.xcassets */; };
		F590201A1D7406970075632E /* LaunchScreen.storyboard in Resources */ = {isa = PBXBuildFile; fileRef = F59020181D7406970075632E /* LaunchScreen.storyboard */; };
		F59020251D7406970075632E /* RACDemoTests.m in Sources */ = {isa = PBXBuildFile; fileRef = F59020241D7406970075632E /* RACDemoTests.m */; };
		F59020301D7406970075632E /* RACDemoUITests.m in Sources */ = {isa = PBXBuildFile; fileRef = F590202F1D7406970075632E /* RACDemoUITests.m */; };
		F590203F1D7409620075632E /* WTKTest.m in Sources */ = {isa = PBXBuildFile; fileRef = F590203E1D7409620075632E /* WTKTest.m */; };
		F59020431D742B6D0075632E /* WTKViewController.m in Sources */ = {isa = PBXBuildFile; fileRef = F59020411D742B6D0075632E /* WTKViewController.m */; };
		F59020441D742B6D0075632E /* WTKViewController.xib in Resources */ = {isa = PBXBuildFile; fileRef = F59020421D742B6D0075632E /* WTKViewController.xib */; };
		F5D0A6701D7D361600676A96 /* TwoViewController.m in Sources */ = {isa = PBXBuildFile; fileRef = F5D0A66E1D7D361600676A96 /* TwoViewController.m */; };
		F5D0A6711D7D361600676A96 /* TwoViewController.xib in Resources */ = {isa = PBXBuildFile; fileRef = F5D0A66F1D7D361600676A96 /* TwoViewController.xib */; };
/* End PBXBuildFile section */

/* Begin PBXContainerItemProxy section */
		F59020211D7406970075632E /* PBXContainerItemProxy */ = {
			isa = PBXContainerItemProxy;
			containerPortal = F5901FFF1D7406970075632E /* Project object */;
			proxyType = 1;
			remoteGlobalIDString = F59020061D7406970075632E;
			remoteInfo = RACDemo;
		};
		F590202C1D7406970075632E /* PBXContainerItemProxy */ = {
			isa = PBXContainerItemProxy;
			containerPortal = F5901FFF1D7406970075632E /* Project object */;
			proxyType = 1;
			remoteGlobalIDString = F59020061D7406970075632E;
			remoteInfo = RACDemo;
		};
/* End PBXContainerItemProxy section */

/* Begin PBXFileReference section */
		628EF085B931390A9B13A441 /* Pods-RACDemo.debug.xcconfig */ = {isa = PBXFileReference; includeInIndex = 1; lastKnownFileType = text.xcconfig; name = "Pods-RACDemo.debug.xcconfig"; path = "Pods/Target Support Files/Pods-RACDemo/Pods-RACDemo.debug.xcconfig"; sourceTree = "<group>"; };
		B7953E71934677704643883A /* Pods-RACDemo.release.xcconfig */ = {isa = PBXFileReference; includeInIndex = 1; lastKnownFileType = text.xcconfig; name = "Pods-RACDemo.release.xcconfig"; path = "Pods/Target Support Files/Pods-RACDemo/Pods-RACDemo.release.xcconfig"; sourceTree = "<group>"; };
		EDA9571B0FEB3897A3F59595 /* Pods_RACDemo.framework */ = {isa = PBXFileReference; explicitFileType = wrapper.framework; includeInIndex = 0; path = Pods_RACDemo.framework; sourceTree = BUILT_PRODUCTS_DIR; };
		F56EAC4B1D75389F00505683 /* WTKView.h */ = {isa = PBXFileReference; fileEncoding = 4; lastKnownFileType = sourcecode.c.h; path = WTKView.h; sourceTree = "<group>"; };
		F56EAC4C1D75389F00505683 /* WTKView.m */ = {isa = PBXFileReference; fileEncoding = 4; lastKnownFileType = sourcecode.c.objc; path = WTKView.m; sourceTree = "<group>"; };
		F59020071D7406970075632E /* RACDemo.app */ = {isa = PBXFileReference; explicitFileType = wrapper.application; includeInIndex = 0; path = RACDemo.app; sourceTree = BUILT_PRODUCTS_DIR; };
		F590200B1D7406970075632E /* main.m */ = {isa = PBXFileReference; lastKnownFileType = sourcecode.c.objc; path = main.m; sourceTree = "<group>"; };
		F590200D1D7406970075632E /* AppDelegate.h */ = {isa = PBXFileReference; lastKnownFileType = sourcecode.c.h; path = AppDelegate.h; sourceTree = "<group>"; };
		F590200E1D7406970075632E /* AppDelegate.m */ = {isa = PBXFileReference; lastKnownFileType = sourcecode.c.objc; path = AppDelegate.m; sourceTree = "<group>"; };
		F59020101D7406970075632E /* ViewController.h */ = {isa = PBXFileReference; lastKnownFileType = sourcecode.c.h; path = ViewController.h; sourceTree = "<group>"; };
		F59020111D7406970075632E /* ViewController.m */ = {isa = PBXFileReference; lastKnownFileType = sourcecode.c.objc; path = ViewController.m; sourceTree = "<group>"; };
		F59020141D7406970075632E /* Base */ = {isa = PBXFileReference; lastKnownFileType = file.storyboard; name = Base; path = Base.lproj/Main.storyboard; sourceTree = "<group>"; };
		F59020161D7406970075632E /* Assets.xcassets */ = {isa = PBXFileReference; lastKnownFileType = folder.assetcatalog; path = Assets.xcassets; sourceTree = "<group>"; };
		F59020191D7406970075632E /* Base */ = {isa = PBXFileReference; lastKnownFileType = file.storyboard; name = Base; path = Base.lproj/LaunchScreen.storyboard; sourceTree = "<group>"; };
		F590201B1D7406970075632E /* Info.plist */ = {isa = PBXFileReference; lastKnownFileType = text.plist.xml; path = Info.plist; sourceTree = "<group>"; };
		F59020201D7406970075632E /* RACDemoTests.xctest */ = {isa = PBXFileReference; explicitFileType = wrapper.cfbundle; includeInIndex = 0; path = RACDemoTests.xctest; sourceTree = BUILT_PRODUCTS_DIR; };
		F59020241D7406970075632E /* RACDemoTests.m */ = {isa = PBXFileReference; lastKnownFileType = sourcecode.c.objc; path = RACDemoTests.m; sourceTree = "<group>"; };
		F59020261D7406970075632E /* Info.plist */ = {isa = PBXFileReference; lastKnownFileType = text.plist.xml; path = Info.plist; sourceTree = "<group>"; };
		F590202B1D7406970075632E /* RACDemoUITests.xctest */ = {isa = PBXFileReference; explicitFileType = wrapper.cfbundle; includeInIndex = 0; path = RACDemoUITests.xctest; sourceTree = BUILT_PRODUCTS_DIR; };
		F590202F1D7406970075632E /* RACDemoUITests.m */ = {isa = PBXFileReference; lastKnownFileType = sourcecode.c.objc; path = RACDemoUITests.m; sourceTree = "<group>"; };
		F59020311D7406970075632E /* Info.plist */ = {isa = PBXFileReference; lastKnownFileType = text.plist.xml; path = Info.plist; sourceTree = "<group>"; };
		F590203D1D7409620075632E /* WTKTest.h */ = {isa = PBXFileReference; fileEncoding = 4; lastKnownFileType = sourcecode.c.h; path = WTKTest.h; sourceTree = "<group>"; };
		F590203E1D7409620075632E /* WTKTest.m */ = {isa = PBXFileReference; fileEncoding = 4; lastKnownFileType = sourcecode.c.objc; path = WTKTest.m; sourceTree = "<group>"; };
		F59020401D742B6D0075632E /* WTKViewController.h */ = {isa = PBXFileReference; fileEncoding = 4; lastKnownFileType = sourcecode.c.h; path = WTKViewController.h; sourceTree = "<group>"; };
		F59020411D742B6D0075632E /* WTKViewController.m */ = {isa = PBXFileReference; fileEncoding = 4; lastKnownFileType = sourcecode.c.objc; path = WTKViewController.m; sourceTree = "<group>"; };
		F59020421D742B6D0075632E /* WTKViewController.xib */ = {isa = PBXFileReference; fileEncoding = 4; lastKnownFileType = file.xib; path = WTKViewController.xib; sourceTree = "<group>"; };
		F5D0A66D1D7D361600676A96 /* TwoViewController.h */ = {isa = PBXFileReference; fileEncoding = 4; lastKnownFileType = sourcecode.c.h; path = TwoViewController.h; sourceTree = "<group>"; };
		F5D0A66E1D7D361600676A96 /* TwoViewController.m */ = {isa = PBXFileReference; fileEncoding = 4; lastKnownFileType = sourcecode.c.objc; path = TwoViewController.m; sourceTree = "<group>"; };
		F5D0A66F1D7D361600676A96 /* TwoViewController.xib */ = {isa = PBXFileReference; fileEncoding = 4; lastKnownFileType = file.xib; path = TwoViewController.xib; sourceTree = "<group>"; };
/* End PBXFileReference section */

/* Begin PBXFrameworksBuildPhase section */
		F59020041D7406970075632E /* Frameworks */ = {
			isa = PBXFrameworksBuildPhase;
			buildActionMask = 2147483647;
			files = (
				59C466463E92A6888EA4553C /* Pods_RACDemo.framework in Frameworks */,
			);
			runOnlyForDeploymentPostprocessing = 0;
		};
		F590201D1D7406970075632E /* Frameworks */ = {
			isa = PBXFrameworksBuildPhase;
			buildActionMask = 2147483647;
			files = (
			);
			runOnlyForDeploymentPostprocessing = 0;
		};
		F59020281D7406970075632E /* Frameworks */ = {
			isa = PBXFrameworksBuildPhase;
			buildActionMask = 2147483647;
			files = (
			);
			runOnlyForDeploymentPostprocessing = 0;
		};
/* End PBXFrameworksBuildPhase section */

/* Begin PBXGroup section */
		17ABEB3F573311A89DCE6D7B /* Pods */ = {
			isa = PBXGroup;
			children = (
				628EF085B931390A9B13A441 /* Pods-RACDemo.debug.xcconfig */,
				B7953E71934677704643883A /* Pods-RACDemo.release.xcconfig */,
			);
			name = Pods;
			sourceTree = "<group>";
		};
		D58E7105F094596B227679AC /* Frameworks */ = {
			isa = PBXGroup;
			children = (
				EDA9571B0FEB3897A3F59595 /* Pods_RACDemo.framework */,
			);
			name = Frameworks;
			sourceTree = "<group>";
		};
		F5901FFE1D7406970075632E = {
			isa = PBXGroup;
			children = (
				F59020091D7406970075632E /* RACDemo */,
				F59020231D7406970075632E /* RACDemoTests */,
				F590202E1D7406970075632E /* RACDemoUITests */,
				F59020081D7406970075632E /* Products */,
				17ABEB3F573311A89DCE6D7B /* Pods */,
				D58E7105F094596B227679AC /* Frameworks */,
			);
			sourceTree = "<group>";
		};
		F59020081D7406970075632E /* Products */ = {
			isa = PBXGroup;
			children = (
				F59020071D7406970075632E /* RACDemo.app */,
				F59020201D7406970075632E /* RACDemoTests.xctest */,
				F590202B1D7406970075632E /* RACDemoUITests.xctest */,
			);
			name = Products;
			sourceTree = "<group>";
		};
		F59020091D7406970075632E /* RACDemo */ = {
			isa = PBXGroup;
			children = (
				F590200D1D7406970075632E /* AppDelegate.h */,
				F590200E1D7406970075632E /* AppDelegate.m */,
				F59020101D7406970075632E /* ViewController.h */,
				F59020111D7406970075632E /* ViewController.m */,
				F5D0A66D1D7D361600676A96 /* TwoViewController.h */,
				F5D0A66E1D7D361600676A96 /* TwoViewController.m */,
				F5D0A66F1D7D361600676A96 /* TwoViewController.xib */,
				F56EAC4B1D75389F00505683 /* WTKView.h */,
				F56EAC4C1D75389F00505683 /* WTKView.m */,
				F59020401D742B6D0075632E /* WTKViewController.h */,
				F59020411D742B6D0075632E /* WTKViewController.m */,
				F59020421D742B6D0075632E /* WTKViewController.xib */,
				F590203D1D7409620075632E /* WTKTest.h */,
				F590203E1D7409620075632E /* WTKTest.m */,
				F59020131D7406970075632E /* Main.storyboard */,
				F59020161D7406970075632E /* Assets.xcassets */,
				F59020181D7406970075632E /* LaunchScreen.storyboard */,
				F590201B1D7406970075632E /* Info.plist */,
				F590200A1D7406970075632E /* Supporting Files */,
			);
			path = RACDemo;
			sourceTree = "<group>";
		};
		F590200A1D7406970075632E /* Supporting Files */ = {
			isa = PBXGroup;
			children = (
				F590200B1D7406970075632E /* main.m */,
			);
			name = "Supporting Files";
			sourceTree = "<group>";
		};
		F59020231D7406970075632E /* RACDemoTests */ = {
			isa = PBXGroup;
			children = (
				F59020241D7406970075632E /* RACDemoTests.m */,
				F59020261D7406970075632E /* Info.plist */,
			);
			path = RACDemoTests;
			sourceTree = "<group>";
		};
		F590202E1D7406970075632E /* RACDemoUITests */ = {
			isa = PBXGroup;
			children = (
				F590202F1D7406970075632E /* RACDemoUITests.m */,
				F59020311D7406970075632E /* Info.plist */,
			);
			path = RACDemoUITests;
			sourceTree = "<group>";
		};
/* End PBXGroup section */

/* Begin PBXNativeTarget section */
		F59020061D7406970075632E /* RACDemo */ = {
			isa = PBXNativeTarget;
			buildConfigurationList = F59020341D7406970075632E /* Build configuration list for PBXNativeTarget "RACDemo" */;
			buildPhases = (
				BE95305C870D63B733359C29 /* [CP] Check Pods Manifest.lock */,
				F59020031D7406970075632E /* Sources */,
				F59020041D7406970075632E /* Frameworks */,
				F59020051D7406970075632E /* Resources */,
				59F4614510FD3D1C77BCC1D5 /* [CP] Embed Pods Frameworks */,
				8AA742FC06947EDC348D64EF /* [CP] Copy Pods Resources */,
			);
			buildRules = (
			);
			dependencies = (
			);
			name = RACDemo;
			productName = RACDemo;
			productReference = F59020071D7406970075632E /* RACDemo.app */;
			productType = "com.apple.product-type.application";
		};
		F590201F1D7406970075632E /* RACDemoTests */ = {
			isa = PBXNativeTarget;
			buildConfigurationList = F59020371D7406970075632E /* Build configuration list for PBXNativeTarget "RACDemoTests" */;
			buildPhases = (
				F590201C1D7406970075632E /* Sources */,
				F590201D1D7406970075632E /* Frameworks */,
				F590201E1D7406970075632E /* Resources */,
			);
			buildRules = (
			);
			dependencies = (
				F59020221D7406970075632E /* PBXTargetDependency */,
			);
			name = RACDemoTests;
			productName = RACDemoTests;
			productReference = F59020201D7406970075632E /* RACDemoTests.xctest */;
			productType = "com.apple.product-type.bundle.unit-test";
		};
		F590202A1D7406970075632E /* RACDemoUITests */ = {
			isa = PBXNativeTarget;
			buildConfigurationList = F590203A1D7406970075632E /* Build configuration list for PBXNativeTarget "RACDemoUITests" */;
			buildPhases = (
				F59020271D7406970075632E /* Sources */,
				F59020281D7406970075632E /* Frameworks */,
				F59020291D7406970075632E /* Resources */,
			);
			buildRules = (
			);
			dependencies = (
				F590202D1D7406970075632E /* PBXTargetDependency */,
			);
			name = RACDemoUITests;
			productName = RACDemoUITests;
			productReference = F590202B1D7406970075632E /* RACDemoUITests.xctest */;
			productType = "com.apple.product-type.bundle.ui-testing";
		};
/* End PBXNativeTarget section */

/* Begin PBXProject section */
		F5901FFF1D7406970075632E /* Project object */ = {
			isa = PBXProject;
			attributes = {
				LastUpgradeCheck = 0730;
				ORGANIZATIONNAME = "王同科";
				TargetAttributes = {
					F59020061D7406970075632E = {
						CreatedOnToolsVersion = 7.3.1;
					};
					F590201F1D7406970075632E = {
						CreatedOnToolsVersion = 7.3.1;
						TestTargetID = F59020061D7406970075632E;
					};
					F590202A1D7406970075632E = {
						CreatedOnToolsVersion = 7.3.1;
						TestTargetID = F59020061D7406970075632E;
					};
				};
			};
			buildConfigurationList = F59020021D7406970075632E /* Build configuration list for PBXProject "RACDemo" */;
			compatibilityVersion = "Xcode 3.2";
			developmentRegion = English;
			hasScannedForEncodings = 0;
			knownRegions = (
				en,
				Base,
			);
			mainGroup = F5901FFE1D7406970075632E;
			productRefGroup = F59020081D7406970075632E /* Products */;
			projectDirPath = "";
			projectRoot = "";
			targets = (
				F59020061D7406970075632E /* RACDemo */,
				F590201F1D7406970075632E /* RACDemoTests */,
				F590202A1D7406970075632E /* RACDemoUITests */,
			);
		};
/* End PBXProject section */

/* Begin PBXResourcesBuildPhase section */
		F59020051D7406970075632E /* Resources */ = {
			isa = PBXResourcesBuildPhase;
			buildActionMask = 2147483647;
			files = (
				F590201A1D7406970075632E /* LaunchScreen.storyboard in Resources */,
				F59020171D7406970075632E /* Assets.xcassets in Resources */,
				F59020151D7406970075632E /* Main.storyboard in Resources */,
				F5D0A6711D7D361600676A96 /* TwoViewController.xib in Resources */,
				F59020441D742B6D0075632E /* WTKViewController.xib in Resources */,
			);
			runOnlyForDeploymentPostprocessing = 0;
		};
		F590201E1D7406970075632E /* Resources */ = {
			isa = PBXResourcesBuildPhase;
			buildActionMask = 2147483647;
			files = (
			);
			runOnlyForDeploymentPostprocessing = 0;
		};
		F59020291D7406970075632E /* Resources */ = {
			isa = PBXResourcesBuildPhase;
			buildActionMask = 2147483647;
			files = (
			);
			runOnlyForDeploymentPostprocessing = 0;
		};
/* End PBXResourcesBuildPhase section */

/* Begin PBXShellScriptBuildPhase section */
		59F4614510FD3D1C77BCC1D5 /* [CP] Embed Pods Frameworks */ = {
			isa = PBXShellScriptBuildPhase;
			buildActionMask = 2147483647;
			files = (
			);
			inputPaths = (
			);
			name = "[CP] Embed Pods Frameworks";
			outputPaths = (
			);
			runOnlyForDeploymentPostprocessing = 0;
			shellPath = /bin/sh;
			shellScript = "\"${SRCROOT}/Pods/Target Support Files/Pods-RACDemo/Pods-RACDemo-frameworks.sh\"\n";
			showEnvVarsInLog = 0;
		};
		8AA742FC06947EDC348D64EF /* [CP] Copy Pods Resources */ = {
			isa = PBXShellScriptBuildPhase;
			buildActionMask = 2147483647;
			files = (
			);
			inputPaths = (
			);
			name = "[CP] Copy Pods Resources";
			outputPaths = (
			);
			runOnlyForDeploymentPostprocessing = 0;
			shellPath = /bin/sh;
			shellScript = "\"${SRCROOT}/Pods/Target Support Files/Pods-RACDemo/Pods-RACDemo-resources.sh\"\n";
			showEnvVarsInLog = 0;
		};
		BE95305C870D63B733359C29 /* [CP] Check Pods Manifest.lock */ = {
			isa = PBXShellScriptBuildPhase;
			buildActionMask = 2147483647;
			files = (
			);
			inputPaths = (
			);
			name = "[CP] Check Pods Manifest.lock";
			outputPaths = (
			);
			runOnlyForDeploymentPostprocessing = 0;
			shellPath = /bin/sh;
			shellScript = "diff \"${PODS_ROOT}/../Podfile.lock\" \"${PODS_ROOT}/Manifest.lock\" > /dev/null\nif [[ $? != 0 ]] ; then\n    cat << EOM\nerror: The sandbox is not in sync with the Podfile.lock. Run 'pod install' or update your CocoaPods installation.\nEOM\n    exit 1\nfi\n";
			showEnvVarsInLog = 0;
		};
/* End PBXShellScriptBuildPhase section */

/* Begin PBXSourcesBuildPhase section */
		F59020031D7406970075632E /* Sources */ = {
			isa = PBXSourcesBuildPhase;
			buildActionMask = 2147483647;
			files = (
				F5D0A6701D7D361600676A96 /* TwoViewController.m in Sources */,
				F59020121D7406970075632E /* ViewController.m in Sources */,
				F590200F1D7406970075632E /* AppDelegate.m in Sources */,
				F590203F1D7409620075632E /* WTKTest.m in Sources */,
				F56EAC4D1D75389F00505683 /* WTKView.m in Sources */,
				F590200C1D7406970075632E /* main.m in Sources */,
				F59020431D742B6D0075632E /* WTKViewController.m in Sources */,
			);
			runOnlyForDeploymentPostprocessing = 0;
		};
		F590201C1D7406970075632E /* Sources */ = {
			isa = PBXSourcesBuildPhase;
			buildActionMask = 2147483647;
			files = (
				F59020251D7406970075632E /* RACDemoTests.m in Sources */,
			);
			runOnlyForDeploymentPostprocessing = 0;
		};
		F59020271D7406970075632E /* Sources */ = {
			isa = PBXSourcesBuildPhase;
			buildActionMask = 2147483647;
			files = (
				F59020301D7406970075632E /* RACDemoUITests.m in Sources */,
			);
			runOnlyForDeploymentPostprocessing = 0;
		};
/* End PBXSourcesBuildPhase section */

/* Begin PBXTargetDependency section */
		F59020221D7406970075632E /* PBXTargetDependency */ = {
			isa = PBXTargetDependency;
			target = F59020061D7406970075632E /* RACDemo */;
			targetProxy = F59020211D7406970075632E /* PBXContainerItemProxy */;
		};
		F590202D1D7406970075632E /* PBXTargetDependency */ = {
			isa = PBXTargetDependency;
			target = F59020061D7406970075632E /* RACDemo */;
			targetProxy = F590202C1D7406970075632E /* PBXContainerItemProxy */;
		};
/* End PBXTargetDependency section */

/* Begin PBXVariantGroup section */
		F59020131D7406970075632E /* Main.storyboard */ = {
			isa = PBXVariantGroup;
			children = (
				F59020141D7406970075632E /* Base */,
			);
			name = Main.storyboard;
			sourceTree = "<group>";
		};
		F59020181D7406970075632E /* LaunchScreen.storyboard */ = {
			isa = PBXVariantGroup;
			children = (
				F59020191D7406970075632E /* Base */,
			);
			name = LaunchScreen.storyboard;
			sourceTree = "<group>";
		};
/* End PBXVariantGroup section */

/* Begin XCBuildConfiguration section */
		F59020321D7406970075632E /* Debug */ = {
			isa = XCBuildConfiguration;
			buildSettings = {
				ALWAYS_SEARCH_USER_PATHS = NO;
				CLANG_ANALYZER_NONNULL = YES;
				CLANG_CXX_LANGUAGE_STANDARD = "gnu++0x";
				CLANG_CXX_LIBRARY = "libc++";
				CLANG_ENABLE_MODULES = YES;
				CLANG_ENABLE_OBJC_ARC = YES;
				CLANG_WARN_BOOL_CONVERSION = YES;
				CLANG_WARN_CONSTANT_CONVERSION = YES;
				CLANG_WARN_DIRECT_OBJC_ISA_USAGE = YES_ERROR;
				CLANG_WARN_EMPTY_BODY = YES;
				CLANG_WARN_ENUM_CONVERSION = YES;
				CLANG_WARN_INT_CONVERSION = YES;
				CLANG_WARN_OBJC_ROOT_CLASS = YES_ERROR;
				CLANG_WARN_UNREACHABLE_CODE = YES;
				CLANG_WARN__DUPLICATE_METHOD_MATCH = YES;
				"CODE_SIGN_IDENTITY[sdk=iphoneos*]" = "iPhone Developer";
				COPY_PHASE_STRIP = NO;
				DEBUG_INFORMATION_FORMAT = dwarf;
				ENABLE_STRICT_OBJC_MSGSEND = YES;
				ENABLE_TESTABILITY = YES;
				GCC_C_LANGUAGE_STANDARD = gnu99;
				GCC_DYNAMIC_NO_PIC = NO;
				GCC_NO_COMMON_BLOCKS = YES;
				GCC_OPTIMIZATION_LEVEL = 0;
				GCC_PREPROCESSOR_DEFINITIONS = (
					"DEBUG=1",
					"$(inherited)",
				);
				GCC_WARN_64_TO_32_BIT_CONVERSION = YES;
				GCC_WARN_ABOUT_RETURN_TYPE = YES_ERROR;
				GCC_WARN_UNDECLARED_SELECTOR = YES;
				GCC_WARN_UNINITIALIZED_AUTOS = YES_AGGRESSIVE;
				GCC_WARN_UNUSED_FUNCTION = YES;
				GCC_WARN_UNUSED_VARIABLE = YES;
				IPHONEOS_DEPLOYMENT_TARGET = 9.3;
				MTL_ENABLE_DEBUG_INFO = YES;
				ONLY_ACTIVE_ARCH = YES;
				SDKROOT = iphoneos;
				TARGETED_DEVICE_FAMILY = "1,2";
			};
			name = Debug;
		};
		F59020331D7406970075632E /* Release */ = {
			isa = XCBuildConfiguration;
			buildSettings = {
				ALWAYS_SEARCH_USER_PATHS = NO;
				CLANG_ANALYZER_NONNULL = YES;
				CLANG_CXX_LANGUAGE_STANDARD = "gnu++0x";
				CLANG_CXX_LIBRARY = "libc++";
				CLANG_ENABLE_MODULES = YES;
				CLANG_ENABLE_OBJC_ARC = YES;
				CLANG_WARN_BOOL_CONVERSION = YES;
				CLANG_WARN_CONSTANT_CONVERSION = YES;
				CLANG_WARN_DIRECT_OBJC_ISA_USAGE = YES_ERROR;
				CLANG_WARN_EMPTY_BODY = YES;
				CLANG_WARN_ENUM_CONVERSION = YES;
				CLANG_WARN_INT_CONVERSION = YES;
				CLANG_WARN_OBJC_ROOT_CLASS = YES_ERROR;
				CLANG_WARN_UNREACHABLE_CODE = YES;
				CLANG_WARN__DUPLICATE_METHOD_MATCH = YES;
				"CODE_SIGN_IDENTITY[sdk=iphoneos*]" = "iPhone Developer";
				COPY_PHASE_STRIP = NO;
				DEBUG_INFORMATION_FORMAT = "dwarf-with-dsym";
				ENABLE_NS_ASSERTIONS = NO;
				ENABLE_STRICT_OBJC_MSGSEND = YES;
				GCC_C_LANGUAGE_STANDARD = gnu99;
				GCC_NO_COMMON_BLOCKS = YES;
				GCC_WARN_64_TO_32_BIT_CONVERSION = YES;
				GCC_WARN_ABOUT_RETURN_TYPE = YES_ERROR;
				GCC_WARN_UNDECLARED_SELECTOR = YES;
				GCC_WARN_UNINITIALIZED_AUTOS = YES_AGGRESSIVE;
				GCC_WARN_UNUSED_FUNCTION = YES;
				GCC_WARN_UNUSED_VARIABLE = YES;
				IPHONEOS_DEPLOYMENT_TARGET = 9.3;
				MTL_ENABLE_DEBUG_INFO = NO;
				SDKROOT = iphoneos;
				TARGETED_DEVICE_FAMILY = "1,2";
				VALIDATE_PRODUCT = YES;
			};
			name = Release;
		};
		F59020351D7406970075632E /* Debug */ = {
			isa = XCBuildConfiguration;
			baseConfigurationReference = 628EF085B931390A9B13A441 /* Pods-RACDemo.debug.xcconfig */;
			buildSettings = {
				ASSETCATALOG_COMPILER_APPICON_NAME = AppIcon;
				INFOPLIST_FILE = RACDemo/Info.plist;
				LD_RUNPATH_SEARCH_PATHS = "$(inherited) @executable_path/Frameworks";
				PRODUCT_BUNDLE_IDENTIFIER = com.wang.RACDemo;
				PRODUCT_NAME = "$(TARGET_NAME)";
			};
			name = Debug;
		};
		F59020361D7406970075632E /* Release */ = {
			isa = XCBuildConfiguration;
			baseConfigurationReference = B7953E71934677704643883A /* Pods-RACDemo.release.xcconfig */;
			buildSettings = {
				ASSETCATALOG_COMPILER_APPICON_NAME = AppIcon;
				INFOPLIST_FILE = RACDemo/Info.plist;
				LD_RUNPATH_SEARCH_PATHS = "$(inherited) @executable_path/Frameworks";
				PRODUCT_BUNDLE_IDENTIFIER = com.wang.RACDemo;
				PRODUCT_NAME = "$(TARGET_NAME)";
			};
			name = Release;
		};
		F59020381D7406970075632E /* Debug */ = {
			isa = XCBuildConfiguration;
			buildSettings = {
				BUNDLE_LOADER = "$(TEST_HOST)";
				INFOPLIST_FILE = RACDemoTests/Info.plist;
				LD_RUNPATH_SEARCH_PATHS = "$(inherited) @executable_path/Frameworks @loader_path/Frameworks";
				PRODUCT_BUNDLE_IDENTIFIER = com.wang.RACDemoTests;
				PRODUCT_NAME = "$(TARGET_NAME)";
				TEST_HOST = "$(BUILT_PRODUCTS_DIR)/RACDemo.app/RACDemo";
			};
			name = Debug;
		};
		F59020391D7406970075632E /* Release */ = {
			isa = XCBuildConfiguration;
			buildSettings = {
				BUNDLE_LOADER = "$(TEST_HOST)";
				INFOPLIST_FILE = RACDemoTests/Info.plist;
				LD_RUNPATH_SEARCH_PATHS = "$(inherited) @executable_path/Frameworks @loader_path/Frameworks";
				PRODUCT_BUNDLE_IDENTIFIER = com.wang.RACDemoTests;
				PRODUCT_NAME = "$(TARGET_NAME)";
				TEST_HOST = "$(BUILT_PRODUCTS_DIR)/RACDemo.app/RACDemo";
			};
			name = Release;
		};
		F590203B1D7406970075632E /* Debug */ = {
			isa = XCBuildConfiguration;
			buildSettings = {
				INFOPLIST_FILE = RACDemoUITests/Info.plist;
				LD_RUNPATH_SEARCH_PATHS = "$(inherited) @executable_path/Frameworks @loader_path/Frameworks";
				PRODUCT_BUNDLE_IDENTIFIER = com.wang.RACDemoUITests;
				PRODUCT_NAME = "$(TARGET_NAME)";
				TEST_TARGET_NAME = RACDemo;
			};
			name = Debug;
		};
		F590203C1D7406970075632E /* Release */ = {
			isa = XCBuildConfiguration;
			buildSettings = {
				INFOPLIST_FILE = RACDemoUITests/Info.plist;
				LD_RUNPATH_SEARCH_PATHS = "$(inherited) @executable_path/Frameworks @loader_path/Frameworks";
				PRODUCT_BUNDLE_IDENTIFIER = com.wang.RACDemoUITests;
				PRODUCT_NAME = "$(TARGET_NAME)";
				TEST_TARGET_NAME = RACDemo;
			};
			name = Release;
		};
/* End XCBuildConfiguration section */

/* Begin XCConfigurationList section */
		F59020021D7406970075632E /* Build configuration list for PBXProject "RACDemo" */ = {
			isa = XCConfigurationList;
			buildConfigurations = (
				F59020321D7406970075632E /* Debug */,
				F59020331D7406970075632E /* Release */,
			);
			defaultConfigurationIsVisible = 0;
			defaultConfigurationName = Release;
		};
		F59020341D7406970075632E /* Build configuration list for PBXNativeTarget "RACDemo" */ = {
			isa = XCConfigurationList;
			buildConfigurations = (
				F59020351D7406970075632E /* Debug */,
				F59020361D7406970075632E /* Release */,
			);
			defaultConfigurationIsVisible = 0;
			defaultConfigurationName = Release;
		};
		F59020371D7406970075632E /* Build configuration list for PBXNativeTarget "RACDemoTests" */ = {
			isa = XCConfigurationList;
			buildConfigurations = (
				F59020381D7406970075632E /* Debug */,
				F59020391D7406970075632E /* Release */,
			);
			defaultConfigurationIsVisible = 0;
			defaultConfigurationName = Release;
		};
		F590203A1D7406970075632E /* Build configuration list for PBXNativeTarget "RACDemoUITests" */ = {
			isa = XCConfigurationList;
			buildConfigurations = (
				F590203B1D7406970075632E /* Debug */,
				F590203C1D7406970075632E /* Release */,
			);
			defaultConfigurationIsVisible = 0;
			defaultConfigurationName = Release;
		};
/* End XCConfigurationList section */
	};
	rootObject = F5901FFF1D7406970075632E /* Project object */;
}
